
Microsoft Visual Studio Solution File, Format Version 11.00
# Visual Studio 2010
Project("{8BC9CEB8-8B4A-11D0-8D11-00A0C91BC942}") = "AutoArduQuad", "AutoArduQuad\AutoArduQuad.vcxproj", "{541AC0A7-0DDA-46D8-B74A-9610A6E9F591}"
EndProject
Global
	GlobalSection(SolutionConfigurationPlatforms) = preSolution
		Debug|Win32 = Debug|Win32
		Release|Win32 = Release|Win32
	EndGlobalSection
	GlobalSection(ProjectConfigurationPlatforms) = postSolution
		{541AC0A7-0DDA-46D8-B74A-9610A6E9F591}.Debug|Win32.ActiveCfg = Debug|Win32
		{541AC0A7-0DDA-46D8-B74A-9610A6E9F591}.Debug|Win32.Build.0 = Debug|Win32
		{541AC0A7-0DDA-46D8-B74A-9610A6E9F591}.Release|Win32.ActiveCfg = Release|Win32
		{541AC0A7-0DDA-46D8-B74A-9610A6E9F591}.Release|Win32.Build.0 = Release|Win32
	EndGlobalSection
	GlobalSection(SolutionProperties) = preSolution
		HideSolutionNode = FALSE
	EndGlobalSection
EndGlobal
